<?xml version="1.0" encoding="utf-8"?>
<Project ToolsVersion="4.0" xmlns="http://schemas.microsoft.com/developer/msbuild/2003">
  <ItemGroup>
    <Filter Include="src">
      <UniqueIdentifier>{4FC737F1-C7A5-4376-A066-2A32D752A2FF}</UniqueIdentifier>
      <Extensions>cpp;c;cc;cxx;def;odl;idl;hpj;bat;asm;asmx</Extensions>
    </Filter>
    <Filter Include="include">
      <UniqueIdentifier>{93995380-89BD-4b04-88EB-625FBE52EBFB}</UniqueIdentifier>
      <Extensions>h;hh;hpp;hxx;hm;inl;inc;ipp;xsd</Extensions>
    </Filter>
    <Filter Include="include\Client">
      <UniqueIdentifier>{1e4a885e-a559-4351-aa5f-6b03aa7ab67c}</UniqueIdentifier>
    </Filter>
    <Filter Include="src\Client">
      <UniqueIdentifier>{6af3beca-f865-4f56-9858-b3beff666347}</UniqueIdentifier>
    </Filter>
    <Filter Include="resource">
      <UniqueIdentifier>{4fd1e567-c064-4fee-9753-44fc735b1be2}</UniqueIdentifier>
    </Filter>
  </ItemGroup>
  <ItemGroup>
    <ClInclude Include="include\framework.hpp">
      <Filter>include</Filter>
    </ClInclude>
    <ClInclude Include="include\pch.hpp">
      <Filter>include</Filter>
    </ClInclude>
    <ClInclude Include="include\Client\Client.hpp">
      <Filter>include\Client</Filter>
    </ClInclude>
    <ClInclude Include="include\API.hpp">
      <Filter>include</Filter>
    </ClInclude>
    <ClInclude Include="include\Python.hpp">
      <Filter>include</Filter>
    </ClInclude>
  </ItemGroup>
  <ItemGroup>
    <ClCompile Include="src\dllmain.cpp">
      <Filter>src</Filter>
    </ClCompile>
    <ClCompile Include="src\pch.cpp">
      <Filter>src</Filter>
    </ClCompile>
    <ClCompile Include="src\Client\Client.cpp">
      <Filter>src\Client</Filter>
    </ClCompile>
    <ClCompile Include="src\API.cpp">
      <Filter>src</Filter>
    </ClCompile>
    <ClCompile Include="src\Python.cpp">
      <Filter>src</Filter>
    </ClCompile>
  </ItemGroup>
  <ItemGroup>
    <None Include="resource\definition.def">
      <Filter>resource</Filter>
    </None>
  </ItemGroup>
</Project>