<?xml version="1.0" encoding="utf-8"?>
<Project ToolsVersion="4.0" xmlns="http://schemas.microsoft.com/developer/msbuild/2003">
  <ItemGroup>
    <ClCompile Include="Source_Files\Neural_Network\Neural_Network_Manager.cpp">
      <Filter>Source_Files\Neural_Network</Filter>
    </ClCompile>
    <ClCompile Include="Source_Files\Neural_Network\Neural_Network__Accuracy.cpp">
      <Filter>Source_Files\Neural_Network</Filter>
    </ClCompile>
    <ClCompile Include="Source_Files\Neural_Network\Neural_Network__Adam.cpp">
      <Filter>Source_Files\Neural_Network</Filter>
    </ClCompile>
    <ClCompile Include="Source_Files\Neural_Network\Neural_Network__Allocate.cpp">
      <Filter>Source_Files\Neural_Network</Filter>
    </ClCompile>
    <ClCompile Include="Source_Files\Neural_Network\Neural_Network__Assign_Inputs.cpp">
      <Filter>Source_Files\Neural_Network</Filter>
    </ClCompile>
    <ClCompile Include="Source_Files\Neural_Network\Neural_Network__Backward_Pass__Loop.cpp">
      <Filter>Source_Files\Neural_Network</Filter>
    </ClCompile>
    <ClCompile Include="Source_Files\Neural_Network\Neural_Network__Backward_Pass__OpenMP.cpp">
      <Filter>Source_Files\Neural_Network</Filter>
    </ClCompile>
    <ClCompile Include="Source_Files\Neural_Network\Neural_Network__Batch_Normalization.cpp">
      <Filter>Source_Files\Neural_Network</Filter>
    </ClCompile>
    <ClCompile Include="Source_Files\Neural_Network\Neural_Network__Batch_Renormalization.cpp">
      <Filter>Source_Files\Neural_Network</Filter>
    </ClCompile>
    <ClCompile Include="Source_Files\Neural_Network\Neural_Network__Clip_Gradient.cpp">
      <Filter>Source_Files\Neural_Network</Filter>
    </ClCompile>
    <ClCompile Include="Source_Files\Neural_Network\Neural_Network__Compile.cpp">
      <Filter>Source_Files\Neural_Network</Filter>
    </ClCompile>
    <ClCompile Include="Source_Files\Neural_Network\Neural_Network__Compute__Error__Loop.cpp">
      <Filter>Source_Files\Neural_Network</Filter>
    </ClCompile>
    <ClCompile Include="Source_Files\Neural_Network\Neural_Network__Compute__Error__OpenMP.cpp">
      <Filter>Source_Files\Neural_Network</Filter>
    </ClCompile>
    <ClCompile Include="Source_Files\Neural_Network\Neural_Network__Compute__Loss__Loop.cpp">
      <Filter>Source_Files\Neural_Network</Filter>
    </ClCompile>
    <ClCompile Include="Source_Files\Neural_Network\Neural_Network__Compute__Loss__OpenMP.cpp">
      <Filter>Source_Files\Neural_Network</Filter>
    </ClCompile>
    <ClCompile Include="Source_Files\Neural_Network\Neural_Network__Compute__R__Loop.cpp">
      <Filter>Source_Files\Neural_Network</Filter>
    </ClCompile>
    <ClCompile Include="Source_Files\Neural_Network\Neural_Network__Compute__R__OpenMP.cpp">
      <Filter>Source_Files\Neural_Network</Filter>
    </ClCompile>
    <ClCompile Include="Source_Files\Neural_Network\Neural_Network__Copy.cpp">
      <Filter>Source_Files\Neural_Network</Filter>
    </ClCompile>
    <ClCompile Include="Source_Files\Neural_Network\Neural_Network__Deallocate.cpp">
      <Filter>Source_Files\Neural_Network</Filter>
    </ClCompile>
    <ClCompile Include="Source_Files\Neural_Network\Neural_Network__Dropout.cpp">
      <Filter>Source_Files\Neural_Network</Filter>
    </ClCompile>
    <ClCompile Include="Source_Files\Neural_Network\Neural_Network__Dropout__Bernoulli__Loop.cpp">
      <Filter>Source_Files\Neural_Network</Filter>
    </ClCompile>
    <ClCompile Include="Source_Files\Neural_Network\Neural_Network__Dropout__Bernoulli__OpenMP.cpp">
      <Filter>Source_Files\Neural_Network</Filter>
    </ClCompile>
    <ClCompile Include="Source_Files\Neural_Network\Neural_Network__Dropout__Zoneout__Loop.cpp">
      <Filter>Source_Files\Neural_Network</Filter>
    </ClCompile>
    <ClCompile Include="Source_Files\Neural_Network\Neural_Network__Dropout__Zoneout__OpenMP.cpp">
      <Filter>Source_Files\Neural_Network</Filter>
    </ClCompile>
    <ClCompile Include="Source_Files\Neural_Network\Neural_Network__Forward_Pass__Loop.cpp">
      <Filter>Source_Files\Neural_Network</Filter>
    </ClCompile>
    <ClCompile Include="Source_Files\Neural_Network\Neural_Network__Forward_Pass__OpenMP.cpp">
      <Filter>Source_Files\Neural_Network</Filter>
    </ClCompile>
    <ClCompile Include="Source_Files\Neural_Network\Neural_Network__Gradient_Descent.cpp">
      <Filter>Source_Files\Neural_Network</Filter>
    </ClCompile>
    <ClCompile Include="Source_Files\Neural_Network\Neural_Network__Gradient_Descent_Momentum.cpp">
      <Filter>Source_Files\Neural_Network</Filter>
    </ClCompile>
    <ClCompile Include="Source_Files\Neural_Network\Neural_Network__Indexing.cpp">
      <Filter>Source_Files\Neural_Network</Filter>
    </ClCompile>
    <ClCompile Include="Source_Files\Neural_Network\Neural_Network__Initialize_Connections.cpp">
      <Filter>Source_Files\Neural_Network</Filter>
    </ClCompile>
    <ClCompile Include="Source_Files\Neural_Network\Neural_Network__iRPROP_minus.cpp">
      <Filter>Source_Files\Neural_Network</Filter>
    </ClCompile>
    <ClCompile Include="Source_Files\Neural_Network\Neural_Network__iRPROP_plus.cpp">
      <Filter>Source_Files\Neural_Network</Filter>
    </ClCompile>
    <ClCompile Include="Source_Files\Neural_Network\Neural_Network__K_Sparse.cpp">
      <Filter>Source_Files\Neural_Network</Filter>
    </ClCompile>
    <ClCompile Include="Source_Files\Neural_Network\Neural_Network__Layer_Normalization.cpp">
      <Filter>Source_Files\Neural_Network</Filter>
    </ClCompile>
    <ClCompile Include="Source_Files\Neural_Network\Neural_Network__Load.cpp">
      <Filter>Source_Files\Neural_Network</Filter>
    </ClCompile>
    <ClCompile Include="Source_Files\Neural_Network\Neural_Network__Loss.cpp">
      <Filter>Source_Files\Neural_Network</Filter>
    </ClCompile>
    <ClCompile Include="Source_Files\Neural_Network\Neural_Network__Merge.cpp">
      <Filter>Source_Files\Neural_Network</Filter>
    </ClCompile>
    <ClCompile Include="Source_Files\Neural_Network\Neural_Network__Nesterov_Accelerated_Gradient.cpp">
      <Filter>Source_Files\Neural_Network</Filter>
    </ClCompile>
    <ClCompile Include="Source_Files\Neural_Network\Neural_Network__NosAdam.cpp">
      <Filter>Source_Files\Neural_Network</Filter>
    </ClCompile>
    <ClCompile Include="Source_Files\Neural_Network\Neural_Network__OpenMP.cpp">
      <Filter>Source_Files\Neural_Network</Filter>
    </ClCompile>
    <ClCompile Include="Source_Files\Neural_Network\Neural_Network__Ordered.cpp">
      <Filter>Source_Files\Neural_Network</Filter>
    </ClCompile>
    <ClCompile Include="Source_Files\Neural_Network\Neural_Network__Prepare_Connections.cpp">
      <Filter>Source_Files\Neural_Network</Filter>
    </ClCompile>
    <ClCompile Include="Source_Files\Neural_Network\Neural_Network__Reallocate_Batch.cpp">
      <Filter>Source_Files\Neural_Network</Filter>
    </ClCompile>
    <ClCompile Include="Source_Files\Neural_Network\Neural_Network__Reallocate_Parameters.cpp">
      <Filter>Source_Files\Neural_Network</Filter>
    </ClCompile>
    <ClCompile Include="Source_Files\Neural_Network\Neural_Network__Reallocate_Threads.cpp">
      <Filter>Source_Files\Neural_Network</Filter>
    </ClCompile>
    <ClCompile Include="Source_Files\Neural_Network\Neural_Network__Recurrent_Backward_Pass__Loop.cpp">
      <Filter>Source_Files\Neural_Network</Filter>
    </ClCompile>
    <ClCompile Include="Source_Files\Neural_Network\Neural_Network__Recurrent_Backward_Pass__OpenMP.cpp">
      <Filter>Source_Files\Neural_Network</Filter>
    </ClCompile>
    <ClCompile Include="Source_Files\Neural_Network\Neural_Network__Recurrent_Compute__Error__Loop.cpp">
      <Filter>Source_Files\Neural_Network</Filter>
    </ClCompile>
    <ClCompile Include="Source_Files\Neural_Network\Neural_Network__Recurrent_Compute__Error__OpenMP.cpp">
      <Filter>Source_Files\Neural_Network</Filter>
    </ClCompile>
    <ClCompile Include="Source_Files\Neural_Network\Neural_Network__Recurrent_Compute__Loss__Loop.cpp">
      <Filter>Source_Files\Neural_Network</Filter>
    </ClCompile>
    <ClCompile Include="Source_Files\Neural_Network\Neural_Network__Recurrent_Compute__Loss__OpenMP.cpp">
      <Filter>Source_Files\Neural_Network</Filter>
    </ClCompile>
    <ClCompile Include="Source_Files\Neural_Network\Neural_Network__Recurrent_Compute__R__Loop.cpp">
      <Filter>Source_Files\Neural_Network</Filter>
    </ClCompile>
    <ClCompile Include="Source_Files\Neural_Network\Neural_Network__Recurrent_Compute__R__OpenMP.cpp">
      <Filter>Source_Files\Neural_Network</Filter>
    </ClCompile>
    <ClCompile Include="Source_Files\Neural_Network\Neural_Network__Recurrent_Forward_Pass__Loop.cpp">
      <Filter>Source_Files\Neural_Network</Filter>
    </ClCompile>
    <ClCompile Include="Source_Files\Neural_Network\Neural_Network__Recurrent_Forward_Pass__OpenMP.cpp">
      <Filter>Source_Files\Neural_Network</Filter>
    </ClCompile>
    <ClCompile Include="Source_Files\Neural_Network\Neural_Network__Recurrent_Update_Derivative_Weight__Loop.cpp">
      <Filter>Source_Files\Neural_Network</Filter>
    </ClCompile>
    <ClCompile Include="Source_Files\Neural_Network\Neural_Network__Recurrent_Update_Derivative_Weight__OpenMP.cpp">
      <Filter>Source_Files\Neural_Network</Filter>
    </ClCompile>
    <ClCompile Include="Source_Files\Neural_Network\Neural_Network__Regularization__Constraint_Recurrent_Weight.cpp">
      <Filter>Source_Files\Neural_Network</Filter>
    </ClCompile>
    <ClCompile Include="Source_Files\Neural_Network\Neural_Network__Regularization__L1.cpp">
      <Filter>Source_Files\Neural_Network</Filter>
    </ClCompile>
    <ClCompile Include="Source_Files\Neural_Network\Neural_Network__Regularization__L2.cpp">
      <Filter>Source_Files\Neural_Network</Filter>
    </ClCompile>
    <ClCompile Include="Source_Files\Neural_Network\Neural_Network__Regularization__Max_Norm_Constraints.cpp">
      <Filter>Source_Files\Neural_Network</Filter>
    </ClCompile>
    <ClCompile Include="Source_Files\Neural_Network\Neural_Network__Regularization__Weight_Decay.cpp">
      <Filter>Source_Files\Neural_Network</Filter>
    </ClCompile>
    <ClCompile Include="Source_Files\Neural_Network\Neural_Network__Save.cpp">
      <Filter>Source_Files\Neural_Network</Filter>
    </ClCompile>
    <ClCompile Include="Source_Files\Neural_Network\Neural_Network__Update.cpp">
      <Filter>Source_Files\Neural_Network</Filter>
    </ClCompile>
    <ClCompile Include="Source_Files\Neural_Network\Neural_Network__Update_Derivative_Weight__Loop.cpp">
      <Filter>Source_Files\Neural_Network</Filter>
    </ClCompile>
    <ClCompile Include="Source_Files\Neural_Network\Neural_Network__Update_Derivative_Weight__OpenMP.cpp">
      <Filter>Source_Files\Neural_Network</Filter>
    </ClCompile>
    <ClCompile Include="Source_Files\Neural_Network\Neural_Network__User_Controls.cpp">
      <Filter>Source_Files\Neural_Network</Filter>
    </ClCompile>
    <ClCompile Include="stdfax.cpp">
      <Filter>LIB</Filter>
    </ClCompile>
    <ClCompile Include="Source_Files\Neural_Network\Bayesian_Optimization.cpp">
      <Filter>Source_Files\Neural_Network</Filter>
    </ClCompile>
    <ClCompile Include="Source_Files\Neural_Network\Dataset.cpp">
      <Filter>Source_Files\Neural_Network</Filter>
    </ClCompile>
    <ClCompile Include="Source_Files\Neural_Network\Dataset__Cross_Validation.cpp">
      <Filter>Source_Files\Neural_Network</Filter>
    </ClCompile>
    <ClCompile Include="Source_Files\Neural_Network\Dataset__Cross_Validation__Hyper_Optimization.cpp">
      <Filter>Source_Files\Neural_Network</Filter>
    </ClCompile>
    <ClCompile Include="Source_Files\Neural_Network\Dataset__Mini_Batch.cpp">
      <Filter>Source_Files\Neural_Network</Filter>
    </ClCompile>
    <ClCompile Include="Source_Files\Neural_Network\Dataset_Manager.cpp">
      <Filter>Source_Files\Neural_Network</Filter>
    </ClCompile>
    <ClCompile Include="Source_Files\Neural_Network\Gaussian_Search.cpp">
      <Filter>Source_Files\Neural_Network</Filter>
    </ClCompile>
    <ClCompile Include="Source_Files\Neural_Network\Grid_Search.cpp">
      <Filter>Source_Files\Neural_Network</Filter>
    </ClCompile>
    <ClCompile Include="Source_Files\Neural_Network\Hyper_Optimization.cpp">
      <Filter>Source_Files\Neural_Network</Filter>
    </ClCompile>
    <ClCompile Include="Source_Files\Neural_Network\Neural_Network.cpp">
      <Filter>Source_Files\Neural_Network</Filter>
    </ClCompile>
    <ClCompile Include="Source_Files\Neural_Network\Train.cpp">
      <Filter>Source_Files\Neural_Network</Filter>
    </ClCompile>
    <ClCompile Include="Source_Files\Neural_Network\Neural_Network__Transfer_Learning.cpp">
      <Filter>Source_Files\Neural_Network</Filter>
    </ClCompile>
    <ClCompile Include="Source_Files\Neural_Network\Neural_Network__AMSBound.cpp">
      <Filter>Source_Files\Neural_Network</Filter>
    </ClCompile>
    <ClCompile Include="Source_Files\Neural_Network\Neural_Network__AMSGrad.cpp">
      <Filter>Source_Files\Neural_Network</Filter>
    </ClCompile>
    <ClCompile Include="Source_Files\Neural_Network\Neural_Network__AdaBound.cpp">
      <Filter>Source_Files\Neural_Network</Filter>
    </ClCompile>
    <ClCompile Include="Source_Files\Neural_Network\Neural_Network__Tied__Normalization.cpp">
      <Filter>Source_Files\Neural_Network</Filter>
    </ClCompile>
    <ClCompile Include="Source_Files\Neural_Network\Neural_Network__Tied__Parameter.cpp">
      <Filter>Source_Files\Neural_Network</Filter>
    </ClCompile>
    <ClCompile Include="Source_Files\Neural_Network\Neural_Network__Tied__Weight.cpp">
      <Filter>Source_Files\Neural_Network</Filter>
    </ClCompile>
    <ClCompile Include="Source_Files\Neural_Network\Neural_Network__Initialization__Glorot.cpp">
      <Filter>Source_Files\Neural_Network</Filter>
    </ClCompile>
    <ClCompile Include="Source_Files\Neural_Network\Neural_Network__Initialization__Uniform.cpp">
      <Filter>Source_Files\Neural_Network</Filter>
    </ClCompile>
    <ClCompile Include="Source_Files\Neural_Network\Neural_Network__Initialization__Orthogonal.cpp">
      <Filter>Source_Files\Neural_Network</Filter>
    </ClCompile>
    <ClCompile Include="Source_Files\Neural_Network\Neural_Network__Initialization__LSUV.cpp">
      <Filter>Source_Files\Neural_Network</Filter>
    </ClCompile>
    <ClCompile Include="Source_Files\Neural_Network\Neural_Network__Regularization__SRIP.cpp">
      <Filter>Source_Files\Neural_Network</Filter>
    </ClCompile>
    <ClCompile Include="Source_Files\Neural_Network\Neural_Network__Initialization__Identity.cpp">
      <Filter>Source_Files\Neural_Network</Filter>
    </ClCompile>
    <ClCompile Include="Source_Files\Neural_Network\Neural_Network__Plot__Gradient.cpp">
      <Filter>Source_Files\Neural_Network</Filter>
    </ClCompile>
  </ItemGroup>
  <ItemGroup>
    <ClInclude Include="Header_Files\CUDA\CUDA_Accumulate_1D.cuh">
      <Filter>Header_Files\CUDA</Filter>
    </ClInclude>
    <ClInclude Include="Header_Files\CUDA\CUDA_Activation_Functions.cuh">
      <Filter>Header_Files\CUDA</Filter>
    </ClInclude>
    <ClInclude Include="Header_Files\CUDA\CUDA_cuRAND.cuh">
      <Filter>Header_Files\CUDA</Filter>
    </ClInclude>
    <ClInclude Include="Header_Files\CUDA\CUDA_Dataset_Manager.cuh">
      <Filter>Header_Files\CUDA</Filter>
    </ClInclude>
    <ClInclude Include="Header_Files\CUDA\CUDA_Flag_1D.cuh">
      <Filter>Header_Files\CUDA</Filter>
    </ClInclude>
    <ClInclude Include="Header_Files\CUDA\CUDA_Multiply_1D.cuh">
      <Filter>Header_Files\CUDA</Filter>
    </ClInclude>
    <ClInclude Include="Header_Files\CUDA\CUDA_Neural_Network.cuh">
      <Filter>Header_Files\CUDA</Filter>
    </ClInclude>
    <ClInclude Include="Header_Files\CUDA\CUDA_Reduce.cuh">
      <Filter>Header_Files\CUDA</Filter>
    </ClInclude>
    <ClInclude Include="Header_Files\CUDA\CUDA_Shared_Memory.cuh">
      <Filter>Header_Files\CUDA</Filter>
    </ClInclude>
    <ClInclude Include="Header_Files\CUDA\CUDA_Shuffle.cuh">
      <Filter>Header_Files\CUDA</Filter>
    </ClInclude>
    <ClInclude Include="Header_Files\CUDA\CUDA_Transpose.cuh">
      <Filter>Header_Files\CUDA</Filter>
    </ClInclude>
    <ClInclude Include="stdafx.hpp">
      <Filter>LIB</Filter>
    </ClInclude>
    <ClInclude Include="targetver.hpp">
      <Filter>LIB</Filter>
    </ClInclude>
    <ClInclude Include="Header_Files\Neural_Network\Data.hpp">
      <Filter>Header_Files\Neural_Network</Filter>
    </ClInclude>
    <ClInclude Include="Header_Files\Neural_Network\Activation_Functions.hpp">
      <Filter>Header_Files\Neural_Network</Filter>
    </ClInclude>
    <ClInclude Include="Header_Files\Neural_Network\Dataset_Manager.hpp">
      <Filter>Header_Files\Neural_Network</Filter>
    </ClInclude>
    <ClInclude Include="Header_Files\Neural_Network\Grid_Search.hpp">
      <Filter>Header_Files\Neural_Network</Filter>
    </ClInclude>
    <ClInclude Include="Header_Files\Neural_Network\Internal.hpp">
      <Filter>Header_Files\Neural_Network</Filter>
    </ClInclude>
    <ClInclude Include="Header_Files\Neural_Network\Neural_Network.hpp">
      <Filter>Header_Files\Neural_Network</Filter>
    </ClInclude>
    <ClInclude Include="Header_Files\Neural_Network\Neural_Network_Manager.hpp">
      <Filter>Header_Files\Neural_Network</Filter>
    </ClInclude>
    <ClInclude Include="Header_Files\Neural_Network\Train.hpp">
      <Filter>Header_Files\Neural_Network</Filter>
    </ClInclude>
  </ItemGroup>
  <ItemGroup>
    <Text Include="ReadMe.txt" />
  </ItemGroup>
  <ItemGroup>
    <Filter Include="Source_Files">
      <UniqueIdentifier>{815474d5-aa04-4356-9f04-e5358065ac71}</UniqueIdentifier>
    </Filter>
    <Filter Include="Header_Files">
      <UniqueIdentifier>{43c5a10f-768d-4dad-8670-893e950e244a}</UniqueIdentifier>
    </Filter>
    <Filter Include="LIB">
      <UniqueIdentifier>{f560732c-0963-4241-9011-15c40aa60956}</UniqueIdentifier>
    </Filter>
    <Filter Include="Header_Files\Neural_Network">
      <UniqueIdentifier>{386d68e1-4135-4414-9d6d-ce3b0aa8a442}</UniqueIdentifier>
    </Filter>
    <Filter Include="Source_Files\Neural_Network">
      <UniqueIdentifier>{a2efbe06-8762-4a15-9a95-1d4f11df2750}</UniqueIdentifier>
    </Filter>
    <Filter Include="Header_Files\CUDA">
      <UniqueIdentifier>{756dae8a-0c08-460d-b8d1-a889288b1367}</UniqueIdentifier>
    </Filter>
    <Filter Include="Source_Files\CUDA">
      <UniqueIdentifier>{55b22108-1e28-486e-8a69-4ce8ecbd05b8}</UniqueIdentifier>
    </Filter>
  </ItemGroup>
</Project>