<?xml version="1.0" encoding="utf-8"?>
<Project ToolsVersion="4.0" xmlns="http://schemas.microsoft.com/developer/msbuild/2003">
  <ItemGroup>
    <Filter Include="Header_Files">
      <UniqueIdentifier>{78ceb59e-b5d4-446f-9805-981877c323ea}</UniqueIdentifier>
    </Filter>
    <Filter Include="Source_Files">
      <UniqueIdentifier>{84cd9169-20fa-4f14-a33d-fbb805bce15e}</UniqueIdentifier>
    </Filter>
    <Filter Include="Resource_Files">
      <UniqueIdentifier>{acdbaf5f-3f89-4e9c-ba2b-844b6e4aaca3}</UniqueIdentifier>
    </Filter>
    <Filter Include="OUT">
      <UniqueIdentifier>{9318a86a-7918-4038-977e-c9113f9ba142}</UniqueIdentifier>
    </Filter>
  </ItemGroup>
  <ItemGroup>
    <ClCompile Include="..\Neural_Network_Launcher_Windows\debug.cpp">
      <Filter>OUT</Filter>
    </ClCompile>
    <ClCompile Include="..\Neural_Network_Launcher_Windows\main.cpp">
      <Filter>OUT</Filter>
    </ClCompile>
    <ClCompile Include="..\Neural_Network_Launcher_Windows\stdafx.cpp">
      <Filter>OUT</Filter>
    </ClCompile>
    <ClCompile Include="..\Neural_Network_Launcher_Windows\Source_Files\Count_Identical_Outputs_Entries.cpp">
      <Filter>Source_Files</Filter>
    </ClCompile>
    <ClCompile Include="..\Neural_Network_Launcher_Windows\Source_Files\Dataset__Datapoint.cpp">
      <Filter>Source_Files</Filter>
    </ClCompile>
    <ClCompile Include="..\Neural_Network_Launcher_Windows\Source_Files\Framework.cpp">
      <Filter>Source_Files</Filter>
    </ClCompile>
    <ClCompile Include="..\Neural_Network_Launcher_Windows\Source_Files\Grid_Search_Optimizer.cpp">
      <Filter>Source_Files</Filter>
    </ClCompile>
    <ClCompile Include="..\Neural_Network_Launcher_Windows\Source_Files\MODWT_SAEs_LSTM.cpp">
      <Filter>Source_Files</Filter>
    </ClCompile>
    <ClCompile Include="..\Neural_Network_Launcher_Windows\Source_Files\Pre_Training.cpp">
      <Filter>Source_Files</Filter>
    </ClCompile>
    <ClCompile Include="..\Neural_Network_Launcher_Windows\Source_Files\Preprocessing__Autoencoder.cpp">
      <Filter>Source_Files</Filter>
    </ClCompile>
    <ClCompile Include="..\Neural_Network_Launcher_Windows\Source_Files\Preprocessing__Concat.cpp">
      <Filter>Source_Files</Filter>
    </ClCompile>
    <ClCompile Include="..\Neural_Network_Launcher_Windows\Source_Files\Preprocessing__Custom.cpp">
      <Filter>Source_Files</Filter>
    </ClCompile>
    <ClCompile Include="..\Neural_Network_Launcher_Windows\Source_Files\Preprocessing__Input_To_Output.cpp">
      <Filter>Source_Files</Filter>
    </ClCompile>
    <ClCompile Include="..\Neural_Network_Launcher_Windows\Source_Files\Preprocessing__Merge_Dataset.cpp">
      <Filter>Source_Files</Filter>
    </ClCompile>
    <ClCompile Include="..\Neural_Network_Launcher_Windows\Source_Files\Preprocessing__Minimum_Maximum.cpp">
      <Filter>Source_Files</Filter>
    </ClCompile>
    <ClCompile Include="..\Neural_Network_Launcher_Windows\Source_Files\Preprocessing__MODWT.cpp">
      <Filter>Source_Files</Filter>
    </ClCompile>
    <ClCompile Include="..\Neural_Network_Launcher_Windows\Source_Files\Preprocessing__Remove_Duplicate_Entries_Dataset.cpp">
      <Filter>Source_Files</Filter>
    </ClCompile>
    <ClCompile Include="..\Neural_Network_Launcher_Windows\Source_Files\Preprocessing__Replace_Entries.cpp">
      <Filter>Source_Files</Filter>
    </ClCompile>
    <ClCompile Include="..\Neural_Network_Launcher_Windows\Source_Files\Preprocessing__Sequential_Input.cpp">
      <Filter>Source_Files</Filter>
    </ClCompile>
    <ClCompile Include="..\Neural_Network_Launcher_Windows\Source_Files\Preprocessing__Shift_Entries.cpp">
      <Filter>Source_Files</Filter>
    </ClCompile>
    <ClCompile Include="..\Neural_Network_Launcher_Windows\Source_Files\Preprocessing__Spliting_Dataset.cpp">
      <Filter>Source_Files</Filter>
    </ClCompile>
    <ClCompile Include="..\Neural_Network_Launcher_Windows\Source_Files\Preprocessing__Time_Direction.cpp">
      <Filter>Source_Files</Filter>
    </ClCompile>
    <ClCompile Include="..\Neural_Network_Launcher_Windows\Source_Files\Simulate_Classification_Trading_Session.cpp">
      <Filter>Source_Files</Filter>
    </ClCompile>
    <ClCompile Include="..\Neural_Network_Launcher_Windows\Source_Files\Start_Neural_Network.cpp">
      <Filter>Source_Files</Filter>
    </ClCompile>
    <ClCompile Include="..\Neural_Network_Launcher_Windows\Source_Files\Transfer_Learning.cpp">
      <Filter>Source_Files</Filter>
    </ClCompile>
    <ClCompile Include="..\Neural_Network_Launcher_Windows\Source_Files\User_Controls__Preprocessing.cpp">
      <Filter>Source_Files</Filter>
    </ClCompile>
  </ItemGroup>
  <ItemGroup>
    <ClInclude Include="..\Neural_Network_Launcher_Windows\Header_Files\Count_Identical_Outputs_Entries.hpp">
      <Filter>Header_Files</Filter>
    </ClInclude>
    <ClInclude Include="..\Neural_Network_Launcher_Windows\Header_Files\Dataset__Datapoint.hpp">
      <Filter>Header_Files</Filter>
    </ClInclude>
    <ClInclude Include="..\Neural_Network_Launcher_Windows\Header_Files\Framework.hpp">
      <Filter>Header_Files</Filter>
    </ClInclude>
    <ClInclude Include="..\Neural_Network_Launcher_Windows\Header_Files\Grid_Search_Optimizer.hpp">
      <Filter>Header_Files</Filter>
    </ClInclude>
    <ClInclude Include="..\Neural_Network_Launcher_Windows\Header_Files\MODWT_SAEs_LSTM.hpp">
      <Filter>Header_Files</Filter>
    </ClInclude>
    <ClInclude Include="..\Neural_Network_Launcher_Windows\Header_Files\Pre_Training.hpp">
      <Filter>Header_Files</Filter>
    </ClInclude>
    <ClInclude Include="..\Neural_Network_Launcher_Windows\Header_Files\Preprocessing__Autoencoder.hpp">
      <Filter>Header_Files</Filter>
    </ClInclude>
    <ClInclude Include="..\Neural_Network_Launcher_Windows\Header_Files\Preprocessing__Concat.hpp">
      <Filter>Header_Files</Filter>
    </ClInclude>
    <ClInclude Include="..\Neural_Network_Launcher_Windows\Header_Files\Preprocessing__Custom.hpp">
      <Filter>Header_Files</Filter>
    </ClInclude>
    <ClInclude Include="..\Neural_Network_Launcher_Windows\Header_Files\Preprocessing__Input_To_Output.hpp">
      <Filter>Header_Files</Filter>
    </ClInclude>
    <ClInclude Include="..\Neural_Network_Launcher_Windows\Header_Files\Preprocessing__Merge_Dataset.hpp">
      <Filter>Header_Files</Filter>
    </ClInclude>
    <ClInclude Include="..\Neural_Network_Launcher_Windows\Header_Files\Preprocessing__Minimum_Maximum.hpp">
      <Filter>Header_Files</Filter>
    </ClInclude>
    <ClInclude Include="..\Neural_Network_Launcher_Windows\Header_Files\Preprocessing__MODWT.hpp">
      <Filter>Header_Files</Filter>
    </ClInclude>
    <ClInclude Include="..\Neural_Network_Launcher_Windows\Header_Files\Preprocessing__Remove_Duplicate_Entries_Dataset.hpp">
      <Filter>Header_Files</Filter>
    </ClInclude>
    <ClInclude Include="..\Neural_Network_Launcher_Windows\Header_Files\Preprocessing__Replace_Entries.hpp">
      <Filter>Header_Files</Filter>
    </ClInclude>
    <ClInclude Include="..\Neural_Network_Launcher_Windows\Header_Files\Preprocessing__Sequential_Input.hpp">
      <Filter>Header_Files</Filter>
    </ClInclude>
    <ClInclude Include="..\Neural_Network_Launcher_Windows\Header_Files\Preprocessing__Shift_Entries.hpp">
      <Filter>Header_Files</Filter>
    </ClInclude>
    <ClInclude Include="..\Neural_Network_Launcher_Windows\Header_Files\Preprocessing__Spliting_Dataset.hpp">
      <Filter>Header_Files</Filter>
    </ClInclude>
    <ClInclude Include="..\Neural_Network_Launcher_Windows\Header_Files\Preprocessing__Time_Direction.hpp">
      <Filter>Header_Files</Filter>
    </ClInclude>
    <ClInclude Include="..\Neural_Network_Launcher_Windows\Header_Files\Simulate_Classification_Trading_Session.hpp">
      <Filter>Header_Files</Filter>
    </ClInclude>
    <ClInclude Include="..\Neural_Network_Launcher_Windows\Header_Files\Start_Neural_Network.hpp">
      <Filter>Header_Files</Filter>
    </ClInclude>
    <ClInclude Include="..\Neural_Network_Launcher_Windows\Header_Files\Transfer_Learning.hpp">
      <Filter>Header_Files</Filter>
    </ClInclude>
    <ClInclude Include="..\Neural_Network_Launcher_Windows\Header_Files\User_Controls__Preprocessing.hpp">
      <Filter>Header_Files</Filter>
    </ClInclude>
    <ClInclude Include="..\Neural_Network_Launcher_Windows\debug.hpp">
      <Filter>OUT</Filter>
    </ClInclude>
    <ClInclude Include="..\Neural_Network_Launcher_Windows\main.hpp">
      <Filter>OUT</Filter>
    </ClInclude>
    <ClInclude Include="..\Neural_Network_Launcher_Windows\stdafx.hpp">
      <Filter>OUT</Filter>
    </ClInclude>
    <ClInclude Include="..\Neural_Network_Launcher_Windows\targetver.hpp">
      <Filter>OUT</Filter>
    </ClInclude>
  </ItemGroup>
  <ItemGroup>
    <Image Include="Resource_Files\Neural_Network_Launcher_Linux.ico">
      <Filter>Resource_Files</Filter>
    </Image>
  </ItemGroup>
</Project>