<?xml version="1.0" encoding="utf-8"?>
<Project ToolsVersion="4.0" xmlns="http://schemas.microsoft.com/developer/msbuild/2003">
  <ItemGroup>
    <Filter Include="Resource_Files">
      <UniqueIdentifier>{b11eb7a3-c7c6-4514-937d-c232a9221bd0}</UniqueIdentifier>
    </Filter>
  </ItemGroup>
</Project>